
Microsoft Visual Studio Solution File, Format Version 12.00
# Visual Studio 15
VisualStudioVersion = 15.0.27703.2047
MinimumVisualStudioVersion = 10.0.40219.1
Project("{FAE04EC0-301F-11D3-BF4B-00C04F79EFBC}") = "PluralSight_Practical_Reflection", "PluralSight_Practical_Reflection\PluralSight_Practical_Reflection.csproj", "{35324113-3537-401B-8844-07046890E770}"
EndProject
Project("{FAE04EC0-301F-11D3-BF4B-00C04F79EFBC}") = "SpeedComparison", "SpeedComparison\SpeedComparison\SpeedComparison.csproj", "{D0994CFF-9BF7-4E94-B0B3-50F6EEB94F3B}"
EndProject
Project("{FAE04EC0-301F-11D3-BF4B-00C04F79EFBC}") = "SampleAssemblyV1", "ReflectionDangers\SampleAssemblyV1\SampleAssemblyV1.csproj", "{F30D1927-2FCA-46D2-B40C-CCD413334521}"
EndProject
Project("{FAE04EC0-301F-11D3-BF4B-00C04F79EFBC}") = "ReflectionDangers.WPF", "ReflectionDangers\ReflectionDangers.WPF\ReflectionDangers.WPF.csproj", "{DB9C87F2-5737-49C9-8D89-0DCBE8C5A036}"
EndProject
Project("{FAE04EC0-301F-11D3-BF4B-00C04F79EFBC}") = "SampleAssemblyV2", "ReflectionDangers\SampleAssemblyV2\SampleAssemblyV2.csproj", "{1745FCF4-34BC-4BC7-8269-CDB36403DAC9}"
EndProject
Project("{2150E333-8FDC-42A3-9474-1A3956D46DE8}") = "GenericRepositories", "GenericRepositories", "{3AC2333E-4258-4C7B-A9AC-42AC8324CE5B}"
EndProject
Project("{2150E333-8FDC-42A3-9474-1A3956D46DE8}") = "Repositories", "Repositories", "{B9C1D8A5-A7A5-4274-96BF-727755B52E78}"
EndProject
Project("{FAE04EC0-301F-11D3-BF4B-00C04F79EFBC}") = "PersonRepository.CSV", "PersonRepository.CSV\PersonRepository.CSV.csproj", "{22D242EB-8113-49E3-8CC9-03A41E3B185E}"
EndProject
Project("{FAE04EC0-301F-11D3-BF4B-00C04F79EFBC}") = "PersonRepository.Interface", "PersonRepository.Interface\PersonRepository.Interface.csproj", "{7740BF98-CCC7-4A90-8147-C982AEF8C47A}"
EndProject
Project("{FAE04EC0-301F-11D3-BF4B-00C04F79EFBC}") = "PersonRepository.Service", "PersonRepository.Service\PersonRepository.Service.csproj", "{8EBA64E3-198D-4456-B9BF-D7EF9BD2CBCE}"
EndProject
Project("{FAE04EC0-301F-11D3-BF4B-00C04F79EFBC}") = "PersonRepository.SQL", "PersonRepository.SQL\PersonRepository.SQL.csproj", "{003702D8-E922-4539-80D4-15AAB22FF29D}"
EndProject
Project("{2150E333-8FDC-42A3-9474-1A3956D46DE8}") = "Services", "Services", "{23BC637A-7723-472E-B4B0-BA2DEF73829F}"
EndProject
Project("{FAE04EC0-301F-11D3-BF4B-00C04F79EFBC}") = "People.Service", "People.Service\People.Service.csproj", "{5FE8AD75-B070-4A7F-9587-C40EE51BDD44}"
EndProject
Project("{2150E333-8FDC-42A3-9474-1A3956D46DE8}") = "Shared", "Shared", "{45CCAA26-3B11-4B17-B833-0A20232EF33C}"
EndProject
Project("{FAE04EC0-301F-11D3-BF4B-00C04F79EFBC}") = "PeopleViewer.SharedObjects", "PeopleViewer.SharedObjects\PeopleViewer.SharedObjects.csproj", "{B557CD54-35F3-4003-A6EE-CF1F3EDFA76E}"
EndProject
Project("{2150E333-8FDC-42A3-9474-1A3956D46DE8}") = "TypeReflection", "TypeReflection", "{68FE66A2-1541-4C03-893E-EE772E2ED10C}"
EndProject
Project("{FAE04EC0-301F-11D3-BF4B-00C04F79EFBC}") = "RepositoryReflector", "RepositoryReflector\RepositoryReflector.csproj", "{A8F85C68-8B50-4615-A5C1-63B05554EC7D}"
EndProject
Project("{FAE04EC0-301F-11D3-BF4B-00C04F79EFBC}") = "GenericRepository.CSV", "GenericRepository.CSV\GenericRepository.CSV.csproj", "{3609BC4D-29FA-4603-92A4-068E6C083243}"
EndProject
Project("{FAE04EC0-301F-11D3-BF4B-00C04F79EFBC}") = "GenericRepository.Interface", "GenericRepository.Interface\GenericRepository.Interface.csproj", "{6BF2AC01-227D-402E-9BE9-53FD3FEFCB9E}"
EndProject
Project("{FAE04EC0-301F-11D3-BF4B-00C04F79EFBC}") = "GenericRepository.Service", "GenericRepository.Service\GenericRepository.Service.csproj", "{065D4430-F437-4262-BA80-AC3A0CF100F8}"
EndProject
Project("{FAE04EC0-301F-11D3-BF4B-00C04F79EFBC}") = "GenericRepository.SQL", "GenericRepository.SQL\GenericRepository.SQL.csproj", "{14E9AC48-3361-4AB6-89A6-B40AFBDD9D11}"
EndProject
Project("{2150E333-8FDC-42A3-9474-1A3956D46DE8}") = "Application", "Application", "{2FF7309C-4B91-4433-A3D4-97C43612481F}"
EndProject
Project("{FAE04EC0-301F-11D3-BF4B-00C04F79EFBC}") = "PeopleViewer", "PeopleViewer\PeopleViewer.csproj", "{EC6283B8-58C2-41FF-80C6-0C5C7A402541}"
EndProject
Project("{2150E333-8FDC-42A3-9474-1A3956D46DE8}") = "Factories", "Factories", "{26402227-92FD-41E9-B309-0AFC210A22BC}"
EndProject
Project("{FAE04EC0-301F-11D3-BF4B-00C04F79EFBC}") = "Factory.RepositoryFactory", "Factory.RepositoryFactory\Factory.RepositoryFactory.csproj", "{DC50C9F2-D0D5-41D4-A618-E87756C0C6E6}"
EndProject
Project("{FAE04EC0-301F-11D3-BF4B-00C04F79EFBC}") = "PeopleViewer.GenericInterface", "PeopleViewer.GenericInterface\PeopleViewer.GenericInterface.csproj", "{15F7F1FD-E1B2-4600-9AD1-B9717F10CFCE}"
EndProject
Project("{FAE04EC0-301F-11D3-BF4B-00C04F79EFBC}") = "OrderTaker", "OrderTaker\OrderTaker.csproj", "{F4FF3F81-D8A4-4B5B-95CE-F1C9CAE645E5}"
EndProject
Project("{2150E333-8FDC-42A3-9474-1A3956D46DE8}") = "Data", "Data", "{10E2E447-EB64-4FD0-9263-24DD57618D9F}"
EndProject
Project("{FAE04EC0-301F-11D3-BF4B-00C04F79EFBC}") = "OrderTaker.Data", "OrderTaker.Data\OrderTaker.Data.csproj", "{6BA65708-12D9-47AF-BC4E-0FDA5D293844}"
EndProject
Project("{2150E333-8FDC-42A3-9474-1A3956D46DE8}") = "BusinessRules", "BusinessRules", "{B1837B01-D3CF-4A99-9555-D4D18FE950A6}"
EndProject
Project("{FAE04EC0-301F-11D3-BF4B-00C04F79EFBC}") = "OrderRules.RuleChecker", "OrderRules.RuleChecker\OrderRules.RuleChecker.csproj", "{242A1E21-B57B-4816-826E-44441A278817}"
EndProject
Project("{FAE04EC0-301F-11D3-BF4B-00C04F79EFBC}") = "OrderRules.Interface", "OrderRules.Interface\OrderRules.Interface.csproj", "{AE9435CA-0A2D-488D-942D-6AC389F59917}"
EndProject
Project("{FAE04EC0-301F-11D3-BF4B-00C04F79EFBC}") = "OrderTaker.SharedObjects", "OrderTaker.SharedObjects\OrderTaker.SharedObjects.csproj", "{76FD86F5-4B02-4767-9031-C3760C01119D}"
EndProject
Project("{FAE04EC0-301F-11D3-BF4B-00C04F79EFBC}") = "OrderRule.Quantity", "OrderRule.Quantity\OrderRule.Quantity.csproj", "{DF5B2544-B33F-41A9-B350-AF6AE6880FD7}"
EndProject
Project("{FAE04EC0-301F-11D3-BF4B-00C04F79EFBC}") = "OrderRule.NameBadge", "OrderRule.NameBadge\OrderRule.NameBadge.csproj", "{0702B474-9E0B-44A2-B5EC-369BF31F8823}"
EndProject
Project("{FAE04EC0-301F-11D3-BF4B-00C04F79EFBC}") = "OrderRule.Discount", "OrderRule.Discount\OrderRule.Discount.csproj", "{5EDA6B01-CFF3-4688-A04A-7E50A801C930}"
EndProject
Global
	GlobalSection(SolutionConfigurationPlatforms) = preSolution
		Debug|Any CPU = Debug|Any CPU
		Release|Any CPU = Release|Any CPU
	EndGlobalSection
	GlobalSection(ProjectConfigurationPlatforms) = postSolution
		{35324113-3537-401B-8844-07046890E770}.Debug|Any CPU.ActiveCfg = Debug|Any CPU
		{35324113-3537-401B-8844-07046890E770}.Debug|Any CPU.Build.0 = Debug|Any CPU
		{35324113-3537-401B-8844-07046890E770}.Release|Any CPU.ActiveCfg = Release|Any CPU
		{35324113-3537-401B-8844-07046890E770}.Release|Any CPU.Build.0 = Release|Any CPU
		{D0994CFF-9BF7-4E94-B0B3-50F6EEB94F3B}.Debug|Any CPU.ActiveCfg = Debug|Any CPU
		{D0994CFF-9BF7-4E94-B0B3-50F6EEB94F3B}.Debug|Any CPU.Build.0 = Debug|Any CPU
		{D0994CFF-9BF7-4E94-B0B3-50F6EEB94F3B}.Release|Any CPU.ActiveCfg = Release|Any CPU
		{D0994CFF-9BF7-4E94-B0B3-50F6EEB94F3B}.Release|Any CPU.Build.0 = Release|Any CPU
		{F30D1927-2FCA-46D2-B40C-CCD413334521}.Debug|Any CPU.ActiveCfg = Debug|Any CPU
		{F30D1927-2FCA-46D2-B40C-CCD413334521}.Debug|Any CPU.Build.0 = Debug|Any CPU
		{F30D1927-2FCA-46D2-B40C-CCD413334521}.Release|Any CPU.ActiveCfg = Release|Any CPU
		{F30D1927-2FCA-46D2-B40C-CCD413334521}.Release|Any CPU.Build.0 = Release|Any CPU
		{DB9C87F2-5737-49C9-8D89-0DCBE8C5A036}.Debug|Any CPU.ActiveCfg = Debug|Any CPU
		{DB9C87F2-5737-49C9-8D89-0DCBE8C5A036}.Debug|Any CPU.Build.0 = Debug|Any CPU
		{DB9C87F2-5737-49C9-8D89-0DCBE8C5A036}.Release|Any CPU.ActiveCfg = Release|Any CPU
		{DB9C87F2-5737-49C9-8D89-0DCBE8C5A036}.Release|Any CPU.Build.0 = Release|Any CPU
		{1745FCF4-34BC-4BC7-8269-CDB36403DAC9}.Debug|Any CPU.ActiveCfg = Debug|Any CPU
		{1745FCF4-34BC-4BC7-8269-CDB36403DAC9}.Debug|Any CPU.Build.0 = Debug|Any CPU
		{1745FCF4-34BC-4BC7-8269-CDB36403DAC9}.Release|Any CPU.ActiveCfg = Release|Any CPU
		{1745FCF4-34BC-4BC7-8269-CDB36403DAC9}.Release|Any CPU.Build.0 = Release|Any CPU
		{22D242EB-8113-49E3-8CC9-03A41E3B185E}.Debug|Any CPU.ActiveCfg = Debug|Any CPU
		{22D242EB-8113-49E3-8CC9-03A41E3B185E}.Debug|Any CPU.Build.0 = Debug|Any CPU
		{22D242EB-8113-49E3-8CC9-03A41E3B185E}.Release|Any CPU.ActiveCfg = Release|Any CPU
		{22D242EB-8113-49E3-8CC9-03A41E3B185E}.Release|Any CPU.Build.0 = Release|Any CPU
		{7740BF98-CCC7-4A90-8147-C982AEF8C47A}.Debug|Any CPU.ActiveCfg = Debug|Any CPU
		{7740BF98-CCC7-4A90-8147-C982AEF8C47A}.Debug|Any CPU.Build.0 = Debug|Any CPU
		{7740BF98-CCC7-4A90-8147-C982AEF8C47A}.Release|Any CPU.ActiveCfg = Release|Any CPU
		{7740BF98-CCC7-4A90-8147-C982AEF8C47A}.Release|Any CPU.Build.0 = Release|Any CPU
		{8EBA64E3-198D-4456-B9BF-D7EF9BD2CBCE}.Debug|Any CPU.ActiveCfg = Debug|Any CPU
		{8EBA64E3-198D-4456-B9BF-D7EF9BD2CBCE}.Debug|Any CPU.Build.0 = Debug|Any CPU
		{8EBA64E3-198D-4456-B9BF-D7EF9BD2CBCE}.Release|Any CPU.ActiveCfg = Release|Any CPU
		{8EBA64E3-198D-4456-B9BF-D7EF9BD2CBCE}.Release|Any CPU.Build.0 = Release|Any CPU
		{003702D8-E922-4539-80D4-15AAB22FF29D}.Debug|Any CPU.ActiveCfg = Debug|Any CPU
		{003702D8-E922-4539-80D4-15AAB22FF29D}.Debug|Any CPU.Build.0 = Debug|Any CPU
		{003702D8-E922-4539-80D4-15AAB22FF29D}.Release|Any CPU.ActiveCfg = Release|Any CPU
		{003702D8-E922-4539-80D4-15AAB22FF29D}.Release|Any CPU.Build.0 = Release|Any CPU
		{5FE8AD75-B070-4A7F-9587-C40EE51BDD44}.Debug|Any CPU.ActiveCfg = Debug|Any CPU
		{5FE8AD75-B070-4A7F-9587-C40EE51BDD44}.Debug|Any CPU.Build.0 = Debug|Any CPU
		{5FE8AD75-B070-4A7F-9587-C40EE51BDD44}.Release|Any CPU.ActiveCfg = Release|Any CPU
		{5FE8AD75-B070-4A7F-9587-C40EE51BDD44}.Release|Any CPU.Build.0 = Release|Any CPU
		{B557CD54-35F3-4003-A6EE-CF1F3EDFA76E}.Debug|Any CPU.ActiveCfg = Debug|Any CPU
		{B557CD54-35F3-4003-A6EE-CF1F3EDFA76E}.Debug|Any CPU.Build.0 = Debug|Any CPU
		{B557CD54-35F3-4003-A6EE-CF1F3EDFA76E}.Release|Any CPU.ActiveCfg = Release|Any CPU
		{B557CD54-35F3-4003-A6EE-CF1F3EDFA76E}.Release|Any CPU.Build.0 = Release|Any CPU
		{A8F85C68-8B50-4615-A5C1-63B05554EC7D}.Debug|Any CPU.ActiveCfg = Debug|Any CPU
		{A8F85C68-8B50-4615-A5C1-63B05554EC7D}.Debug|Any CPU.Build.0 = Debug|Any CPU
		{A8F85C68-8B50-4615-A5C1-63B05554EC7D}.Release|Any CPU.ActiveCfg = Release|Any CPU
		{A8F85C68-8B50-4615-A5C1-63B05554EC7D}.Release|Any CPU.Build.0 = Release|Any CPU
		{3609BC4D-29FA-4603-92A4-068E6C083243}.Debug|Any CPU.ActiveCfg = Debug|Any CPU
		{3609BC4D-29FA-4603-92A4-068E6C083243}.Debug|Any CPU.Build.0 = Debug|Any CPU
		{3609BC4D-29FA-4603-92A4-068E6C083243}.Release|Any CPU.ActiveCfg = Release|Any CPU
		{3609BC4D-29FA-4603-92A4-068E6C083243}.Release|Any CPU.Build.0 = Release|Any CPU
		{6BF2AC01-227D-402E-9BE9-53FD3FEFCB9E}.Debug|Any CPU.ActiveCfg = Debug|Any CPU
		{6BF2AC01-227D-402E-9BE9-53FD3FEFCB9E}.Debug|Any CPU.Build.0 = Debug|Any CPU
		{6BF2AC01-227D-402E-9BE9-53FD3FEFCB9E}.Release|Any CPU.ActiveCfg = Release|Any CPU
		{6BF2AC01-227D-402E-9BE9-53FD3FEFCB9E}.Release|Any CPU.Build.0 = Release|Any CPU
		{065D4430-F437-4262-BA80-AC3A0CF100F8}.Debug|Any CPU.ActiveCfg = Debug|Any CPU
		{065D4430-F437-4262-BA80-AC3A0CF100F8}.Debug|Any CPU.Build.0 = Debug|Any CPU
		{065D4430-F437-4262-BA80-AC3A0CF100F8}.Release|Any CPU.ActiveCfg = Release|Any CPU
		{065D4430-F437-4262-BA80-AC3A0CF100F8}.Release|Any CPU.Build.0 = Release|Any CPU
		{14E9AC48-3361-4AB6-89A6-B40AFBDD9D11}.Debug|Any CPU.ActiveCfg = Debug|Any CPU
		{14E9AC48-3361-4AB6-89A6-B40AFBDD9D11}.Debug|Any CPU.Build.0 = Debug|Any CPU
		{14E9AC48-3361-4AB6-89A6-B40AFBDD9D11}.Release|Any CPU.ActiveCfg = Release|Any CPU
		{14E9AC48-3361-4AB6-89A6-B40AFBDD9D11}.Release|Any CPU.Build.0 = Release|Any CPU
		{EC6283B8-58C2-41FF-80C6-0C5C7A402541}.Debug|Any CPU.ActiveCfg = Debug|Any CPU
		{EC6283B8-58C2-41FF-80C6-0C5C7A402541}.Debug|Any CPU.Build.0 = Debug|Any CPU
		{EC6283B8-58C2-41FF-80C6-0C5C7A402541}.Release|Any CPU.ActiveCfg = Release|Any CPU
		{EC6283B8-58C2-41FF-80C6-0C5C7A402541}.Release|Any CPU.Build.0 = Release|Any CPU
		{DC50C9F2-D0D5-41D4-A618-E87756C0C6E6}.Debug|Any CPU.ActiveCfg = Debug|Any CPU
		{DC50C9F2-D0D5-41D4-A618-E87756C0C6E6}.Debug|Any CPU.Build.0 = Debug|Any CPU
		{DC50C9F2-D0D5-41D4-A618-E87756C0C6E6}.Release|Any CPU.ActiveCfg = Release|Any CPU
		{DC50C9F2-D0D5-41D4-A618-E87756C0C6E6}.Release|Any CPU.Build.0 = Release|Any CPU
		{15F7F1FD-E1B2-4600-9AD1-B9717F10CFCE}.Debug|Any CPU.ActiveCfg = Debug|Any CPU
		{15F7F1FD-E1B2-4600-9AD1-B9717F10CFCE}.Debug|Any CPU.Build.0 = Debug|Any CPU
		{15F7F1FD-E1B2-4600-9AD1-B9717F10CFCE}.Release|Any CPU.ActiveCfg = Release|Any CPU
		{15F7F1FD-E1B2-4600-9AD1-B9717F10CFCE}.Release|Any CPU.Build.0 = Release|Any CPU
		{F4FF3F81-D8A4-4B5B-95CE-F1C9CAE645E5}.Debug|Any CPU.ActiveCfg = Debug|Any CPU
		{F4FF3F81-D8A4-4B5B-95CE-F1C9CAE645E5}.Debug|Any CPU.Build.0 = Debug|Any CPU
		{F4FF3F81-D8A4-4B5B-95CE-F1C9CAE645E5}.Release|Any CPU.ActiveCfg = Release|Any CPU
		{F4FF3F81-D8A4-4B5B-95CE-F1C9CAE645E5}.Release|Any CPU.Build.0 = Release|Any CPU
		{6BA65708-12D9-47AF-BC4E-0FDA5D293844}.Debug|Any CPU.ActiveCfg = Debug|Any CPU
		{6BA65708-12D9-47AF-BC4E-0FDA5D293844}.Debug|Any CPU.Build.0 = Debug|Any CPU
		{6BA65708-12D9-47AF-BC4E-0FDA5D293844}.Release|Any CPU.ActiveCfg = Release|Any CPU
		{6BA65708-12D9-47AF-BC4E-0FDA5D293844}.Release|Any CPU.Build.0 = Release|Any CPU
		{242A1E21-B57B-4816-826E-44441A278817}.Debug|Any CPU.ActiveCfg = Debug|Any CPU
		{242A1E21-B57B-4816-826E-44441A278817}.Debug|Any CPU.Build.0 = Debug|Any CPU
		{242A1E21-B57B-4816-826E-44441A278817}.Release|Any CPU.ActiveCfg = Release|Any CPU
		{242A1E21-B57B-4816-826E-44441A278817}.Release|Any CPU.Build.0 = Release|Any CPU
		{AE9435CA-0A2D-488D-942D-6AC389F59917}.Debug|Any CPU.ActiveCfg = Debug|Any CPU
		{AE9435CA-0A2D-488D-942D-6AC389F59917}.Debug|Any CPU.Build.0 = Debug|Any CPU
		{AE9435CA-0A2D-488D-942D-6AC389F59917}.Release|Any CPU.ActiveCfg = Release|Any CPU
		{AE9435CA-0A2D-488D-942D-6AC389F59917}.Release|Any CPU.Build.0 = Release|Any CPU
		{76FD86F5-4B02-4767-9031-C3760C01119D}.Debug|Any CPU.ActiveCfg = Debug|Any CPU
		{76FD86F5-4B02-4767-9031-C3760C01119D}.Debug|Any CPU.Build.0 = Debug|Any CPU
		{76FD86F5-4B02-4767-9031-C3760C01119D}.Release|Any CPU.ActiveCfg = Release|Any CPU
		{76FD86F5-4B02-4767-9031-C3760C01119D}.Release|Any CPU.Build.0 = Release|Any CPU
		{DF5B2544-B33F-41A9-B350-AF6AE6880FD7}.Debug|Any CPU.ActiveCfg = Debug|Any CPU
		{DF5B2544-B33F-41A9-B350-AF6AE6880FD7}.Debug|Any CPU.Build.0 = Debug|Any CPU
		{DF5B2544-B33F-41A9-B350-AF6AE6880FD7}.Release|Any CPU.ActiveCfg = Release|Any CPU
		{DF5B2544-B33F-41A9-B350-AF6AE6880FD7}.Release|Any CPU.Build.0 = Release|Any CPU
		{0702B474-9E0B-44A2-B5EC-369BF31F8823}.Debug|Any CPU.ActiveCfg = Debug|Any CPU
		{0702B474-9E0B-44A2-B5EC-369BF31F8823}.Debug|Any CPU.Build.0 = Debug|Any CPU
		{0702B474-9E0B-44A2-B5EC-369BF31F8823}.Release|Any CPU.ActiveCfg = Release|Any CPU
		{0702B474-9E0B-44A2-B5EC-369BF31F8823}.Release|Any CPU.Build.0 = Release|Any CPU
		{5EDA6B01-CFF3-4688-A04A-7E50A801C930}.Debug|Any CPU.ActiveCfg = Debug|Any CPU
		{5EDA6B01-CFF3-4688-A04A-7E50A801C930}.Debug|Any CPU.Build.0 = Debug|Any CPU
		{5EDA6B01-CFF3-4688-A04A-7E50A801C930}.Release|Any CPU.ActiveCfg = Release|Any CPU
		{5EDA6B01-CFF3-4688-A04A-7E50A801C930}.Release|Any CPU.Build.0 = Release|Any CPU
	EndGlobalSection
	GlobalSection(SolutionProperties) = preSolution
		HideSolutionNode = FALSE
	EndGlobalSection
	GlobalSection(NestedProjects) = preSolution
		{22D242EB-8113-49E3-8CC9-03A41E3B185E} = {B9C1D8A5-A7A5-4274-96BF-727755B52E78}
		{7740BF98-CCC7-4A90-8147-C982AEF8C47A} = {B9C1D8A5-A7A5-4274-96BF-727755B52E78}
		{8EBA64E3-198D-4456-B9BF-D7EF9BD2CBCE} = {B9C1D8A5-A7A5-4274-96BF-727755B52E78}
		{003702D8-E922-4539-80D4-15AAB22FF29D} = {B9C1D8A5-A7A5-4274-96BF-727755B52E78}
		{5FE8AD75-B070-4A7F-9587-C40EE51BDD44} = {23BC637A-7723-472E-B4B0-BA2DEF73829F}
		{B557CD54-35F3-4003-A6EE-CF1F3EDFA76E} = {45CCAA26-3B11-4B17-B833-0A20232EF33C}
		{A8F85C68-8B50-4615-A5C1-63B05554EC7D} = {68FE66A2-1541-4C03-893E-EE772E2ED10C}
		{3609BC4D-29FA-4603-92A4-068E6C083243} = {3AC2333E-4258-4C7B-A9AC-42AC8324CE5B}
		{6BF2AC01-227D-402E-9BE9-53FD3FEFCB9E} = {B9C1D8A5-A7A5-4274-96BF-727755B52E78}
		{065D4430-F437-4262-BA80-AC3A0CF100F8} = {3AC2333E-4258-4C7B-A9AC-42AC8324CE5B}
		{14E9AC48-3361-4AB6-89A6-B40AFBDD9D11} = {3AC2333E-4258-4C7B-A9AC-42AC8324CE5B}
		{EC6283B8-58C2-41FF-80C6-0C5C7A402541} = {2FF7309C-4B91-4433-A3D4-97C43612481F}
		{DC50C9F2-D0D5-41D4-A618-E87756C0C6E6} = {26402227-92FD-41E9-B309-0AFC210A22BC}
		{15F7F1FD-E1B2-4600-9AD1-B9717F10CFCE} = {2FF7309C-4B91-4433-A3D4-97C43612481F}
		{6BA65708-12D9-47AF-BC4E-0FDA5D293844} = {10E2E447-EB64-4FD0-9263-24DD57618D9F}
		{242A1E21-B57B-4816-826E-44441A278817} = {B1837B01-D3CF-4A99-9555-D4D18FE950A6}
		{AE9435CA-0A2D-488D-942D-6AC389F59917} = {B1837B01-D3CF-4A99-9555-D4D18FE950A6}
		{76FD86F5-4B02-4767-9031-C3760C01119D} = {10E2E447-EB64-4FD0-9263-24DD57618D9F}
	EndGlobalSection
	GlobalSection(ExtensibilityGlobals) = postSolution
		SolutionGuid = {939F7A0E-700E-4415-8499-DDEFA2DB4D26}
	EndGlobalSection
EndGlobal
